
Microsoft Visual Studio Solution File, Format Version 12.00
# Visual Studio Version 17
VisualStudioVersion = 17.4.33110.190
MinimumVisualStudioVersion = 10.0.40219.1
Project("{FAE04EC0-301F-11D3-BF4B-00C04F79EFBC}") = "AbilityScoreCalculator", "AbilityScoreCalculator\AbilityScoreCalculator.csproj", "{9AEE6D95-D330-43E6-9303-3AD30C940F5D}"
EndProject
Global
	GlobalSection(SolutionConfigurationPlatforms) = preSolution
		Debug|Any CPU = Debug|Any CPU
		Release|Any CPU = Release|Any CPU
	EndGlobalSection
	GlobalSection(ProjectConfigurationPlatforms) = postSolution
		{9AEE6D95-D330-43E6-9303-3AD30C940F5D}.Debug|Any CPU.ActiveCfg = Debug|Any CPU
		{9AEE6D95-D330-43E6-9303-3AD30C940F5D}.Debug|Any CPU.Build.0 = Debug|Any CPU
		{9AEE6D95-D330-43E6-9303-3AD30C940F5D}.Release|Any CPU.ActiveCfg = Release|Any CPU
		{9AEE6D95-D330-43E6-9303-3AD30C940F5D}.Release|Any CPU.Build.0 = Release|Any CPU
	EndGlobalSection
	GlobalSection(SolutionProperties) = preSolution
		HideSolutionNode = FALSE
	EndGlobalSection
	GlobalSection(ExtensibilityGlobals) = postSolution
		SolutionGuid = {E37A4BF6-AAF4-4DE1-A254-0D702A0A7665}
	EndGlobalSection
EndGlobal
